{
  "name": "decodelog",
  "version": "1.0.0",
  "lockfileVersion": 1,
  "requires": true,
  "dependencies": {
    "kmdor": {
      "version": "1.0.6",
      "resolved": "https://registry.npmjs.org/kmdor/-/kmdor-1.0.6.tgz",
      "integrity": "sha512-P2NT8SI3PTnZoT5EoGoRLSk51tToNJIH+7N7SuQlCejpPUrO8ZwpC8jzjYTJ7CJqPTG0HEqtXz1Zn7V56YFUbQ=="
    }
  }
}
